github.com/click33/sa-token-go/core v0.1.7/go.mod h1:mb3AQAJIXqx9WdULyn5qjufK1j/u+kgB0q+tafHVhgk=
github.com/click33/sa-token-go/stputil v0.1.7/go.mod h1:YY4NzfwVMwPUQLDBk9C5eVLQ08oI3vNSFQhBuZBPtgY=
github.com/cloudwego/hertz v0.10.3/go.mod h1:W5dUFXZPZkyfjMMo3EQrMQbofuvTsctM9IxmhbkuT18=
github.com/stretchr/testify v1.11.1/go.mod h1:wZwfW3scLgRK+23gO65QZefKpKQRnfz6sD981Nm4B6U=
